// !$*UTF8*$!
{
	archiveVersion = 1;
	classes = {
	};
	objectVersion = 46;
	objects = {

/* Begin PBXFileReference section */
		3B748313161A21A1001E6A78 /* ApplicationDelegate.py */ = {isa = PBXFileReference; lastKnownFileType = text.script.python; path = ApplicationDelegate.py; sourceTree = "<group>"; };
		3B748318161A21A1001E6A78 /* English */ = {isa = PBXFileReference; lastKnownFileType = file.xib; name = English; path = MainMenu.xib; sourceTree = "<group>"; };
		3BFCEF191786F9C80076C2A8 /* ApplicationView.py */ = {isa = PBXFileReference; lastKnownFileType = text.script.python; path = ApplicationView.py; sourceTree = "<group>"; };
/* End PBXFileReference section */

/* Begin PBXGroup section */
		3B0F1897161A20ED005CECD2 = {
			isa = PBXGroup;
			children = (
				3BFCEF181786F9820076C2A8 /* PythonSources */,
				3B748314161A21A1001E6A78 /* English.lproj */,
			);
			sourceTree = "<group>";
		};
		3B748314161A21A1001E6A78 /* English.lproj */ = {
			isa = PBXGroup;
			children = (
				3B748317161A21A1001E6A78 /* MainMenu.xib */,
			);
			path = English.lproj;
			sourceTree = "<group>";
		};
		3BFCEF181786F9820076C2A8 /* PythonSources */ = {
			isa = PBXGroup;
			children = (
				3BFCEF191786F9C80076C2A8 /* ApplicationView.py */,
				3B748313161A21A1001E6A78 /* ApplicationDelegate.py */,
			);
			name = PythonSources;
			sourceTree = "<group>";
		};
/* End PBXGroup section */

/* Begin PBXProject section */
		3B0F1899161A20ED005CECD2 /* Project object */ = {
			isa = PBXProject;
			attributes = {
				LastUpgradeCheck = 0450;
			};
			buildConfigurationList = 3B0F189C161A20ED005CECD2 /* Build configuration list for PBXProject "Minimal" */;
			compatibilityVersion = "Xcode 3.2";
			developmentRegion = English;
			hasScannedForEncodings = 0;
			knownRegions = (
				en,
				English,
			);
			mainGroup = 3B0F1897161A20ED005CECD2;
			projectDirPath = "";
			projectRoot = "";
			targets = (
			);
		};
/* End PBXProject section */

/* Begin PBXVariantGroup section */
		3B748317161A21A1001E6A78 /* MainMenu.xib */ = {
			isa = PBXVariantGroup;
			children = (
				3B748318161A21A1001E6A78 /* English */,
			);
			name = MainMenu.xib;
			sourceTree = "<group>";
		};
/* End PBXVariantGroup section */

/* Begin XCBuildConfiguration section */
		3B0F189E161A20ED005CECD2 /* Debug */ = {
			isa = XCBuildConfiguration;
			buildSettings = {
			};
			name = Debug;
		};
		3B0F189F161A20ED005CECD2 /* Release */ = {
			isa = XCBuildConfiguration;
			buildSettings = {
			};
			name = Release;
		};
/* End XCBuildConfiguration section */

/* Begin XCConfigurationList section */
		3B0F189C161A20ED005CECD2 /* Build configuration list for PBXProject "Minimal" */ = {
			isa = XCConfigurationList;
			buildConfigurations = (
				3B0F189E161A20ED005CECD2 /* Debug */,
				3B0F189F161A20ED005CECD2 /* Release */,
			);
			defaultConfigurationIsVisible = 0;
			defaultConfigurationName = Release;
		};
/* End XCConfigurationList section */
	};
	rootObject = 3B0F1899161A20ED005CECD2 /* Project object */;
}
